// !$*UTF8*$!
{
	archiveVersion = 1;
	classes = {
	};
	objectVersion = 56;
	objects = {

/* Begin PBXBuildFile section */
		194D43682A76A47D0065B80C /* sampleloginApp.swift in Sources */ = {isa = PBXBuildFile; fileRef = 194D43672A76A47D0065B80C /* sampleloginApp.swift */; };
		194D436A2A76A47D0065B80C /* ContentView.swift in Sources */ = {isa = PBXBuildFile; fileRef = 194D43692A76A47D0065B80C /* ContentView.swift */; };
		194D436C2A76A4800065B80C /* Assets.xcassets in Resources */ = {isa = PBXBuildFile; fileRef = 194D436B2A76A4800065B80C /* Assets.xcassets */; };
		194D436F2A76A4800065B80C /* Preview Assets.xcassets in Resources */ = {isa = PBXBuildFile; fileRef = 194D436E2A76A4800065B80C /* Preview Assets.xcassets */; };
		194D43792A76A5330065B80C /* LoginView.swift in Sources */ = {isa = PBXBuildFile; fileRef = 194D43782A76A5330065B80C /* LoginView.swift */; };
		194D437C2A76B8C80065B80C /* String.swift in Sources */ = {isa = PBXBuildFile; fileRef = 194D437B2A76B8C80065B80C /* String.swift */; };
		194D437E2A76C4530065B80C /* SignUpView.swift in Sources */ = {isa = PBXBuildFile; fileRef = 194D437D2A76C4530065B80C /* SignUpView.swift */; };
		194D43802A76DD330065B80C /* AuthView.swift in Sources */ = {isa = PBXBuildFile; fileRef = 194D437F2A76DD330065B80C /* AuthView.swift */; };
		194D43832A76EDD60065B80C /* FirebaseAuth in Frameworks */ = {isa = PBXBuildFile; productRef = 194D43822A76EDD60065B80C /* FirebaseAuth */; };
		194D43852A76EDD60065B80C /* FirebaseFirestore in Frameworks */ = {isa = PBXBuildFile; productRef = 194D43842A76EDD60065B80C /* FirebaseFirestore */; };
		194D43872A76EE6F0065B80C /* GoogleService-Info.plist in Resources */ = {isa = PBXBuildFile; fileRef = 194D43862A76EE6F0065B80C /* GoogleService-Info.plist */; };
		19C264E42A7AE7F800C86F90 /* ScheduleView.swift in Sources */ = {isa = PBXBuildFile; fileRef = 19C264E32A7AE7F800C86F90 /* ScheduleView.swift */; };
		19F813CE2A796A8600112068 /* ProfileView.swift in Sources */ = {isa = PBXBuildFile; fileRef = 19F813CD2A796A8600112068 /* ProfileView.swift */; };
		19F813D12A799FD000112068 /* TeamManager.swift in Sources */ = {isa = PBXBuildFile; fileRef = 19F813D02A799FD000112068 /* TeamManager.swift */; };
		19F813D32A799FF100112068 /* TeamModel.swift in Sources */ = {isa = PBXBuildFile; fileRef = 19F813D22A799FF100112068 /* TeamModel.swift */; };
		19F813D52A79A30800112068 /* TeamDetailsView.swift in Sources */ = {isa = PBXBuildFile; fileRef = 19F813D42A79A30800112068 /* TeamDetailsView.swift */; };
		19F813D72A79AE3900112068 /* AddTeam.swift in Sources */ = {isa = PBXBuildFile; fileRef = 19F813D62A79AE3900112068 /* AddTeam.swift */; };
/* End PBXBuildFile section */

/* Begin PBXFileReference section */
		194D43642A76A47D0065B80C /* Teamify.app */ = {isa = PBXFileReference; explicitFileType = wrapper.application; includeInIndex = 0; path = Teamify.app; sourceTree = BUILT_PRODUCTS_DIR; };
		194D43672A76A47D0065B80C /* sampleloginApp.swift */ = {isa = PBXFileReference; lastKnownFileType = sourcecode.swift; path = sampleloginApp.swift; sourceTree = "<group>"; };
		194D43692A76A47D0065B80C /* ContentView.swift */ = {isa = PBXFileReference; lastKnownFileType = sourcecode.swift; path = ContentView.swift; sourceTree = "<group>"; };
		194D436B2A76A4800065B80C /* Assets.xcassets */ = {isa = PBXFileReference; lastKnownFileType = folder.assetcatalog; path = Assets.xcassets; sourceTree = "<group>"; };
		194D436E2A76A4800065B80C /* Preview Assets.xcassets */ = {isa = PBXFileReference; lastKnownFileType = folder.assetcatalog; path = "Preview Assets.xcassets"; sourceTree = "<group>"; };
		194D43782A76A5330065B80C /* LoginView.swift */ = {isa = PBXFileReference; lastKnownFileType = sourcecode.swift; path = LoginView.swift; sourceTree = "<group>"; };
		194D437B2A76B8C80065B80C /* String.swift */ = {isa = PBXFileReference; lastKnownFileType = sourcecode.swift; path = String.swift; sourceTree = "<group>"; };
		194D437D2A76C4530065B80C /* SignUpView.swift */ = {isa = PBXFileReference; lastKnownFileType = sourcecode.swift; path = SignUpView.swift; sourceTree = "<group>"; };
		194D437F2A76DD330065B80C /* AuthView.swift */ = {isa = PBXFileReference; lastKnownFileType = sourcecode.swift; path = AuthView.swift; sourceTree = "<group>"; };
		194D43862A76EE6F0065B80C /* GoogleService-Info.plist */ = {isa = PBXFileReference; fileEncoding = 4; lastKnownFileType = text.plist.xml; path = "GoogleService-Info.plist"; sourceTree = "<group>"; };
		19C264E32A7AE7F800C86F90 /* ScheduleView.swift */ = {isa = PBXFileReference; lastKnownFileType = sourcecode.swift; path = ScheduleView.swift; sourceTree = "<group>"; };
		19F813CD2A796A8600112068 /* ProfileView.swift */ = {isa = PBXFileReference; lastKnownFileType = sourcecode.swift; path = ProfileView.swift; sourceTree = "<group>"; };
		19F813D02A799FD000112068 /* TeamManager.swift */ = {isa = PBXFileReference; lastKnownFileType = sourcecode.swift; path = TeamManager.swift; sourceTree = "<group>"; };
		19F813D22A799FF100112068 /* TeamModel.swift */ = {isa = PBXFileReference; lastKnownFileType = sourcecode.swift; path = TeamModel.swift; sourceTree = "<group>"; };
		19F813D42A79A30800112068 /* TeamDetailsView.swift */ = {isa = PBXFileReference; lastKnownFileType = sourcecode.swift; path = TeamDetailsView.swift; sourceTree = "<group>"; };
		19F813D62A79AE3900112068 /* AddTeam.swift */ = {isa = PBXFileReference; lastKnownFileType = sourcecode.swift; path = AddTeam.swift; sourceTree = "<group>"; };
/* End PBXFileReference section */

/* Begin PBXFrameworksBuildPhase section */
		194D43612A76A47D0065B80C /* Frameworks */ = {
			isa = PBXFrameworksBuildPhase;
			buildActionMask = 2147483647;
			files = (
				194D43832A76EDD60065B80C /* FirebaseAuth in Frameworks */,
				194D43852A76EDD60065B80C /* FirebaseFirestore in Frameworks */,
			);
			runOnlyForDeploymentPostprocessing = 0;
		};
/* End PBXFrameworksBuildPhase section */

/* Begin PBXGroup section */
		194D435B2A76A47D0065B80C = {
			isa = PBXGroup;
			children = (
				194D43662A76A47D0065B80C /* samplelogin */,
				194D43652A76A47D0065B80C /* Products */,
			);
			sourceTree = "<group>";
		};
		194D43652A76A47D0065B80C /* Products */ = {
			isa = PBXGroup;
			children = (
				194D43642A76A47D0065B80C /* Teamify.app */,
			);
			name = Products;
			sourceTree = "<group>";
		};
		194D43662A76A47D0065B80C /* samplelogin */ = {
			isa = PBXGroup;
			children = (
				194D437A2A76B8890065B80C /* Extensions */,
				194D43772A76A4E70065B80C /* Login */,
				194D43672A76A47D0065B80C /* sampleloginApp.swift */,
				194D43862A76EE6F0065B80C /* GoogleService-Info.plist */,
				194D43692A76A47D0065B80C /* ContentView.swift */,
				19F813CC2A79671400112068 /* Profile */,
				194D436B2A76A4800065B80C /* Assets.xcassets */,
				194D436D2A76A4800065B80C /* Preview Content */,
			);
			path = samplelogin;
			sourceTree = "<group>";
		};
		194D436D2A76A4800065B80C /* Preview Content */ = {
			isa = PBXGroup;
			children = (
				194D436E2A76A4800065B80C /* Preview Assets.xcassets */,
			);
			path = "Preview Content";
			sourceTree = "<group>";
		};
		194D43772A76A4E70065B80C /* Login */ = {
			isa = PBXGroup;
			children = (
				194D43782A76A5330065B80C /* LoginView.swift */,
				194D437D2A76C4530065B80C /* SignUpView.swift */,
				194D437F2A76DD330065B80C /* AuthView.swift */,
			);
			path = Login;
			sourceTree = "<group>";
		};
		194D437A2A76B8890065B80C /* Extensions */ = {
			isa = PBXGroup;
			children = (
				194D437B2A76B8C80065B80C /* String.swift */,
			);
			path = Extensions;
			sourceTree = "<group>";
		};
		19F813CC2A79671400112068 /* Profile */ = {
			isa = PBXGroup;
			children = (
				19F813CD2A796A8600112068 /* ProfileView.swift */,
				19F813CF2A799FBD00112068 /* Team */,
			);
			path = Profile;
			sourceTree = "<group>";
		};
		19F813CF2A799FBD00112068 /* Team */ = {
			isa = PBXGroup;
			children = (
				19F813D02A799FD000112068 /* TeamManager.swift */,
				19F813D22A799FF100112068 /* TeamModel.swift */,
				19F813D42A79A30800112068 /* TeamDetailsView.swift */,
				19F813D62A79AE3900112068 /* AddTeam.swift */,
				19C264E32A7AE7F800C86F90 /* ScheduleView.swift */,
			);
			path = Team;
			sourceTree = "<group>";
		};
/* End PBXGroup section */

/* Begin PBXNativeTarget section */
		194D43632A76A47D0065B80C /* samplelogin */ = {
			isa = PBXNativeTarget;
			buildConfigurationList = 194D43722A76A4800065B80C /* Build configuration list for PBXNativeTarget "samplelogin" */;
			buildPhases = (
				194D43602A76A47D0065B80C /* Sources */,
				194D43612A76A47D0065B80C /* Frameworks */,
				194D43622A76A47D0065B80C /* Resources */,
			);
			buildRules = (
			);
			dependencies = (
			);
			name = samplelogin;
			packageProductDependencies = (
				194D43822A76EDD60065B80C /* FirebaseAuth */,
				194D43842A76EDD60065B80C /* FirebaseFirestore */,
			);
			productName = samplelogin;
			productReference = 194D43642A76A47D0065B80C /* Teamify.app */;
			productType = "com.apple.product-type.application";
		};
/* End PBXNativeTarget section */

/* Begin PBXProject section */
		194D435C2A76A47D0065B80C /* Project object */ = {
			isa = PBXProject;
			attributes = {
				BuildIndependentTargetsInParallel = 1;
				LastSwiftUpdateCheck = 1430;
				LastUpgradeCheck = 1430;
				TargetAttributes = {
					194D43632A76A47D0065B80C = {
						CreatedOnToolsVersion = 14.3.1;
					};
				};
			};
			buildConfigurationList = 194D435F2A76A47D0065B80C /* Build configuration list for PBXProject "samplelogin" */;
			compatibilityVersion = "Xcode 14.0";
			developmentRegion = en;
			hasScannedForEncodings = 0;
			knownRegions = (
				en,
				Base,
			);
			mainGroup = 194D435B2A76A47D0065B80C;
			packageReferences = (
				194D43812A76EDD60065B80C /* XCRemoteSwiftPackageReference "firebase-ios-sdk" */,
			);
			productRefGroup = 194D43652A76A47D0065B80C /* Products */;
			projectDirPath = "";
			projectRoot = "";
			targets = (
				194D43632A76A47D0065B80C /* samplelogin */,
			);
		};
/* End PBXProject section */

/* Begin PBXResourcesBuildPhase section */
		194D43622A76A47D0065B80C /* Resources */ = {
			isa = PBXResourcesBuildPhase;
			buildActionMask = 2147483647;
			files = (
				194D436F2A76A4800065B80C /* Preview Assets.xcassets in Resources */,
				194D436C2A76A4800065B80C /* Assets.xcassets in Resources */,
				194D43872A76EE6F0065B80C /* GoogleService-Info.plist in Resources */,
			);
			runOnlyForDeploymentPostprocessing = 0;
		};
/* End PBXResourcesBuildPhase section */

/* Begin PBXSourcesBuildPhase section */
		194D43602A76A47D0065B80C /* Sources */ = {
			isa = PBXSourcesBuildPhase;
			buildActionMask = 2147483647;
			files = (
				194D43792A76A5330065B80C /* LoginView.swift in Sources */,
				194D437E2A76C4530065B80C /* SignUpView.swift in Sources */,
				19F813D32A799FF100112068 /* TeamModel.swift in Sources */,
				194D43802A76DD330065B80C /* AuthView.swift in Sources */,
				194D436A2A76A47D0065B80C /* ContentView.swift in Sources */,
				19C264E42A7AE7F800C86F90 /* ScheduleView.swift in Sources */,
				194D437C2A76B8C80065B80C /* String.swift in Sources */,
				19F813D72A79AE3900112068 /* AddTeam.swift in Sources */,
				19F813D52A79A30800112068 /* TeamDetailsView.swift in Sources */,
				19F813CE2A796A8600112068 /* ProfileView.swift in Sources */,
				19F813D12A799FD000112068 /* TeamManager.swift in Sources */,
				194D43682A76A47D0065B80C /* sampleloginApp.swift in Sources */,
			);
			runOnlyForDeploymentPostprocessing = 0;
		};
/* End PBXSourcesBuildPhase section */

/* Begin XCBuildConfiguration section */
		194D43702A76A4800065B80C /* Debug */ = {
			isa = XCBuildConfiguration;
			buildSettings = {
				ALWAYS_SEARCH_USER_PATHS = NO;
				CLANG_ANALYZER_NONNULL = YES;
				CLANG_ANALYZER_NUMBER_OBJECT_CONVERSION = YES_AGGRESSIVE;
				CLANG_CXX_LANGUAGE_STANDARD = "gnu++20";
				CLANG_ENABLE_MODULES = YES;
				CLANG_ENABLE_OBJC_ARC = YES;
				CLANG_ENABLE_OBJC_WEAK = YES;
				CLANG_WARN_BLOCK_CAPTURE_AUTORELEASING = YES;
				CLANG_WARN_BOOL_CONVERSION = YES;
				CLANG_WARN_COMMA = YES;
				CLANG_WARN_CONSTANT_CONVERSION = YES;
				CLANG_WARN_DEPRECATED_OBJC_IMPLEMENTATIONS = YES;
				CLANG_WARN_DIRECT_OBJC_ISA_USAGE = YES_ERROR;
				CLANG_WARN_DOCUMENTATION_COMMENTS = YES;
				CLANG_WARN_EMPTY_BODY = YES;
				CLANG_WARN_ENUM_CONVERSION = YES;
				CLANG_WARN_INFINITE_RECURSION = YES;
				CLANG_WARN_INT_CONVERSION = YES;
				CLANG_WARN_NON_LITERAL_NULL_CONVERSION = YES;
				CLANG_WARN_OBJC_IMPLICIT_RETAIN_SELF = YES;
				CLANG_WARN_OBJC_LITERAL_CONVERSION = YES;
				CLANG_WARN_OBJC_ROOT_CLASS = YES_ERROR;
				CLANG_WARN_QUOTED_INCLUDE_IN_FRAMEWORK_HEADER = YES;
				CLANG_WARN_RANGE_LOOP_ANALYSIS = YES;
				CLANG_WARN_STRICT_PROTOTYPES = YES;
				CLANG_WARN_SUSPICIOUS_MOVE = YES;
				CLANG_WARN_UNGUARDED_AVAILABILITY = YES_AGGRESSIVE;
				CLANG_WARN_UNREACHABLE_CODE = YES;
				CLANG_WARN__DUPLICATE_METHOD_MATCH = YES;
				COPY_PHASE_STRIP = NO;
				DEBUG_INFORMATION_FORMAT = dwarf;
				ENABLE_STRICT_OBJC_MSGSEND = YES;
				ENABLE_TESTABILITY = YES;
				GCC_C_LANGUAGE_STANDARD = gnu11;
				GCC_DYNAMIC_NO_PIC = NO;
				GCC_NO_COMMON_BLOCKS = YES;
				GCC_OPTIMIZATION_LEVEL = 0;
				GCC_PREPROCESSOR_DEFINITIONS = (
					"DEBUG=1",
					"$(inherited)",
				);
				GCC_WARN_64_TO_32_BIT_CONVERSION = YES;
				GCC_WARN_ABOUT_RETURN_TYPE = YES_ERROR;
				GCC_WARN_UNDECLARED_SELECTOR = YES;
				GCC_WARN_UNINITIALIZED_AUTOS = YES_AGGRESSIVE;
				GCC_WARN_UNUSED_FUNCTION = YES;
				GCC_WARN_UNUSED_VARIABLE = YES;
				IPHONEOS_DEPLOYMENT_TARGET = 16.4;
				MTL_ENABLE_DEBUG_INFO = INCLUDE_SOURCE;
				MTL_FAST_MATH = YES;
				ONLY_ACTIVE_ARCH = YES;
				SDKROOT = iphoneos;
				SWIFT_ACTIVE_COMPILATION_CONDITIONS = DEBUG;
				SWIFT_OPTIMIZATION_LEVEL = "-Onone";
			};
			name = Debug;
		};
		194D43712A76A4800065B80C /* Release */ = {
			isa = XCBuildConfiguration;
			buildSettings = {
				ALWAYS_SEARCH_USER_PATHS = NO;
				CLANG_ANALYZER_NONNULL = YES;
				CLANG_ANALYZER_NUMBER_OBJECT_CONVERSION = YES_AGGRESSIVE;
				CLANG_CXX_LANGUAGE_STANDARD = "gnu++20";
				CLANG_ENABLE_MODULES = YES;
				CLANG_ENABLE_OBJC_ARC = YES;
				CLANG_ENABLE_OBJC_WEAK = YES;
				CLANG_WARN_BLOCK_CAPTURE_AUTORELEASING = YES;
				CLANG_WARN_BOOL_CONVERSION = YES;
				CLANG_WARN_COMMA = YES;
				CLANG_WARN_CONSTANT_CONVERSION = YES;
				CLANG_WARN_DEPRECATED_OBJC_IMPLEMENTATIONS = YES;
				CLANG_WARN_DIRECT_OBJC_ISA_USAGE = YES_ERROR;
				CLANG_WARN_DOCUMENTATION_COMMENTS = YES;
				CLANG_WARN_EMPTY_BODY = YES;
				CLANG_WARN_ENUM_CONVERSION = YES;
				CLANG_WARN_INFINITE_RECURSION = YES;
				CLANG_WARN_INT_CONVERSION = YES;
				CLANG_WARN_NON_LITERAL_NULL_CONVERSION = YES;
				CLANG_WARN_OBJC_IMPLICIT_RETAIN_SELF = YES;
				CLANG_WARN_OBJC_LITERAL_CONVERSION = YES;
				CLANG_WARN_OBJC_ROOT_CLASS = YES_ERROR;
				CLANG_WARN_QUOTED_INCLUDE_IN_FRAMEWORK_HEADER = YES;
				CLANG_WARN_RANGE_LOOP_ANALYSIS = YES;
				CLANG_WARN_STRICT_PROTOTYPES = YES;
				CLANG_WARN_SUSPICIOUS_MOVE = YES;
				CLANG_WARN_UNGUARDED_AVAILABILITY = YES_AGGRESSIVE;
				CLANG_WARN_UNREACHABLE_CODE = YES;
				CLANG_WARN__DUPLICATE_METHOD_MATCH = YES;
				COPY_PHASE_STRIP = NO;
				DEBUG_INFORMATION_FORMAT = "dwarf-with-dsym";
				ENABLE_NS_ASSERTIONS = NO;
				ENABLE_STRICT_OBJC_MSGSEND = YES;
				GCC_C_LANGUAGE_STANDARD = gnu11;
				GCC_NO_COMMON_BLOCKS = YES;
				GCC_WARN_64_TO_32_BIT_CONVERSION = YES;
				GCC_WARN_ABOUT_RETURN_TYPE = YES_ERROR;
				GCC_WARN_UNDECLARED_SELECTOR = YES;
				GCC_WARN_UNINITIALIZED_AUTOS = YES_AGGRESSIVE;
				GCC_WARN_UNUSED_FUNCTION = YES;
				GCC_WARN_UNUSED_VARIABLE = YES;
				IPHONEOS_DEPLOYMENT_TARGET = 16.4;
				MTL_ENABLE_DEBUG_INFO = NO;
				MTL_FAST_MATH = YES;
				SDKROOT = iphoneos;
				SWIFT_COMPILATION_MODE = wholemodule;
				SWIFT_OPTIMIZATION_LEVEL = "-O";
				VALIDATE_PRODUCT = YES;
			};
			name = Release;
		};
		194D43732A76A4800065B80C /* Debug */ = {
			isa = XCBuildConfiguration;
			buildSettings = {
				ASSETCATALOG_COMPILER_APPICON_NAME = AppIcon;
				ASSETCATALOG_COMPILER_GLOBAL_ACCENT_COLOR_NAME = AccentColor;
				CODE_SIGN_STYLE = Automatic;
				CURRENT_PROJECT_VERSION = 1;
				DEVELOPMENT_ASSET_PATHS = "\"samplelogin/Preview Content\"";
				DEVELOPMENT_TEAM = R7PV4WCCZG;
				ENABLE_PREVIEWS = YES;
				GENERATE_INFOPLIST_FILE = YES;
				INFOPLIST_KEY_UIApplicationSceneManifest_Generation = YES;
				INFOPLIST_KEY_UIApplicationSupportsIndirectInputEvents = YES;
				INFOPLIST_KEY_UILaunchScreen_Generation = YES;
				INFOPLIST_KEY_UISupportedInterfaceOrientations_iPad = "UIInterfaceOrientationPortrait UIInterfaceOrientationPortraitUpsideDown UIInterfaceOrientationLandscapeLeft UIInterfaceOrientationLandscapeRight";
				INFOPLIST_KEY_UISupportedInterfaceOrientations_iPhone = "UIInterfaceOrientationPortrait UIInterfaceOrientationLandscapeLeft UIInterfaceOrientationLandscapeRight";
				LD_RUNPATH_SEARCH_PATHS = (
					"$(inherited)",
					"@executable_path/Frameworks",
				);
				MARKETING_VERSION = 1.0;
				PRODUCT_BUNDLE_IDENTIFIER = com.goldroger.samplelogin;
				PRODUCT_NAME = Teamify;
				SWIFT_EMIT_LOC_STRINGS = YES;
				SWIFT_VERSION = 5.0;
				TARGETED_DEVICE_FAMILY = "1,2";
			};
			name = Debug;
		};
		194D43742A76A4800065B80C /* Release */ = {
			isa = XCBuildConfiguration;
			buildSettings = {
				ASSETCATALOG_COMPILER_APPICON_NAME = AppIcon;
				ASSETCATALOG_COMPILER_GLOBAL_ACCENT_COLOR_NAME = AccentColor;
				CODE_SIGN_STYLE = Automatic;
				CURRENT_PROJECT_VERSION = 1;
				DEVELOPMENT_ASSET_PATHS = "\"samplelogin/Preview Content\"";
				DEVELOPMENT_TEAM = R7PV4WCCZG;
				ENABLE_PREVIEWS = YES;
				GENERATE_INFOPLIST_FILE = YES;
				INFOPLIST_KEY_UIApplicationSceneManifest_Generation = YES;
				INFOPLIST_KEY_UIApplicationSupportsIndirectInputEvents = YES;
				INFOPLIST_KEY_UILaunchScreen_Generation = YES;
				INFOPLIST_KEY_UISupportedInterfaceOrientations_iPad = "UIInterfaceOrientationPortrait UIInterfaceOrientationPortraitUpsideDown UIInterfaceOrientationLandscapeLeft UIInterfaceOrientationLandscapeRight";
				INFOPLIST_KEY_UISupportedInterfaceOrientations_iPhone = "UIInterfaceOrientationPortrait UIInterfaceOrientationLandscapeLeft UIInterfaceOrientationLandscapeRight";
				LD_RUNPATH_SEARCH_PATHS = (
					"$(inherited)",
					"@executable_path/Frameworks",
				);
				MARKETING_VERSION = 1.0;
				PRODUCT_BUNDLE_IDENTIFIER = com.goldroger.samplelogin;
				PRODUCT_NAME = Teamify;
				SWIFT_EMIT_LOC_STRINGS = YES;
				SWIFT_VERSION = 5.0;
				TARGETED_DEVICE_FAMILY = "1,2";
			};
			name = Release;
		};
/* End XCBuildConfiguration section */

/* Begin XCConfigurationList section */
		194D435F2A76A47D0065B80C /* Build configuration list for PBXProject "samplelogin" */ = {
			isa = XCConfigurationList;
			buildConfigurations = (
				194D43702A76A4800065B80C /* Debug */,
				194D43712A76A4800065B80C /* Release */,
			);
			defaultConfigurationIsVisible = 0;
			defaultConfigurationName = Release;
		};
		194D43722A76A4800065B80C /* Build configuration list for PBXNativeTarget "samplelogin" */ = {
			isa = XCConfigurationList;
			buildConfigurations = (
				194D43732A76A4800065B80C /* Debug */,
				194D43742A76A4800065B80C /* Release */,
			);
			defaultConfigurationIsVisible = 0;
			defaultConfigurationName = Release;
		};
/* End XCConfigurationList section */

/* Begin XCRemoteSwiftPackageReference section */
		194D43812A76EDD60065B80C /* XCRemoteSwiftPackageReference "firebase-ios-sdk" */ = {
			isa = XCRemoteSwiftPackageReference;
			repositoryURL = "https://github.com/firebase/firebase-ios-sdk";
			requirement = {
				kind = upToNextMajorVersion;
				minimumVersion = 10.0.0;
			};
		};
/* End XCRemoteSwiftPackageReference section */

/* Begin XCSwiftPackageProductDependency section */
		194D43822A76EDD60065B80C /* FirebaseAuth */ = {
			isa = XCSwiftPackageProductDependency;
			package = 194D43812A76EDD60065B80C /* XCRemoteSwiftPackageReference "firebase-ios-sdk" */;
			productName = FirebaseAuth;
		};
		194D43842A76EDD60065B80C /* FirebaseFirestore */ = {
			isa = XCSwiftPackageProductDependency;
			package = 194D43812A76EDD60065B80C /* XCRemoteSwiftPackageReference "firebase-ios-sdk" */;
			productName = FirebaseFirestore;
		};
/* End XCSwiftPackageProductDependency section */
	};
	rootObject = 194D435C2A76A47D0065B80C /* Project object */;
}
